// !$*UTF8*$!
{
	archiveVersion = 1;
	classes = {
	};
	objectVersion = 46;
	objects = {

/* Begin PBXBuildFile section */
		9984C6DC154C887C00936090 /* Foundation.framework in Frameworks */ = {isa = PBXBuildFile; fileRef = 9984C6DB154C887C00936090 /* Foundation.framework */; };
		9984C6DE154C887C00936090 /* UIKit.framework in Frameworks */ = {isa = PBXBuildFile; fileRef = 9984C6DD154C887C00936090 /* UIKit.framework */; };
		9984C6E0154C887C00936090 /* CoreGraphics.framework in Frameworks */ = {isa = PBXBuildFile; fileRef = 9984C6DF154C887C00936090 /* CoreGraphics.framework */; };
		9984C6E2154C887C00936090 /* AddressBook.framework in Frameworks */ = {isa = PBXBuildFile; fileRef = 9984C6E1154C887C00936090 /* AddressBook.framework */; };
		9984C6E4154C887C00936090 /* AddressBookUI.framework in Frameworks */ = {isa = PBXBuildFile; fileRef = 9984C6E3154C887C00936090 /* AddressBookUI.framework */; };
		9984C6E6154C887C00936090 /* AudioToolbox.framework in Frameworks */ = {isa = PBXBuildFile; fileRef = 9984C6E5154C887C00936090 /* AudioToolbox.framework */; };
		9984C6E8154C887C00936090 /* AVFoundation.framework in Frameworks */ = {isa = PBXBuildFile; fileRef = 9984C6E7154C887C00936090 /* AVFoundation.framework */; };
		9984C6EA154C887C00936090 /* CoreLocation.framework in Frameworks */ = {isa = PBXBuildFile; fileRef = 9984C6E9154C887C00936090 /* CoreLocation.framework */; };
		9984C6EC154C887C00936090 /* MediaPlayer.framework in Frameworks */ = {isa = PBXBuildFile; fileRef = 9984C6EB154C887C00936090 /* MediaPlayer.framework */; };
		9984C6EE154C887C00936090 /* QuartzCore.framework in Frameworks */ = {isa = PBXBuildFile; fileRef = 9984C6ED154C887C00936090 /* QuartzCore.framework */; };
		9984C6F0154C887C00936090 /* SystemConfiguration.framework in Frameworks */ = {isa = PBXBuildFile; fileRef = 9984C6EF154C887C00936090 /* SystemConfiguration.framework */; };
		9984C6F2154C887C00936090 /* MobileCoreServices.framework in Frameworks */ = {isa = PBXBuildFile; fileRef = 9984C6F1154C887C00936090 /* MobileCoreServices.framework */; };
		9984C6F4154C887C00936090 /* CoreMedia.framework in Frameworks */ = {isa = PBXBuildFile; fileRef = 9984C6F3154C887C00936090 /* CoreMedia.framework */; };
		9984C6FA154C887C00936090 /* InfoPlist.strings in Resources */ = {isa = PBXBuildFile; fileRef = 9984C6F8154C887C00936090 /* InfoPlist.strings */; };
		9984C6FC154C887D00936090 /* main.m in Sources */ = {isa = PBXBuildFile; fileRef = 9984C6FB154C887D00936090 /* main.m */; };
		9984C6FF154C887D00936090 /* Cordova.framework in Frameworks */ = {isa = PBXBuildFile; fileRef = 9984C6FE154C887D00936090 /* Cordova.framework */; };
		9984C704154C887D00936090 /* Localizable.strings in Resources */ = {isa = PBXBuildFile; fileRef = 9984C702154C887D00936090 /* Localizable.strings */; };
		9984C708154C887D00936090 /* Localizable.strings in Resources */ = {isa = PBXBuildFile; fileRef = 9984C706154C887D00936090 /* Localizable.strings */; };
		9984C70C154C887D00936090 /* Localizable.strings in Resources */ = {isa = PBXBuildFile; fileRef = 9984C70A154C887D00936090 /* Localizable.strings */; };
		9984C710154C887D00936090 /* Localizable.strings in Resources */ = {isa = PBXBuildFile; fileRef = 9984C70E154C887D00936090 /* Localizable.strings */; };
		9984C713154C887D00936090 /* icon.png in Resources */ = {isa = PBXBuildFile; fileRef = 9984C712154C887D00936090 /* icon.png */; };
		9984C715154C887D00936090 /* icon@2x.png in Resources */ = {isa = PBXBuildFile; fileRef = 9984C714154C887D00936090 /* icon@2x.png */; };
		9984C717154C887D00936090 /* icon-72.png in Resources */ = {isa = PBXBuildFile; fileRef = 9984C716154C887D00936090 /* icon-72.png */; };
		9984C71A154C887D00936090 /* Default.png in Resources */ = {isa = PBXBuildFile; fileRef = 9984C719154C887D00936090 /* Default.png */; };
		9984C71C154C887D00936090 /* Default@2x.png in Resources */ = {isa = PBXBuildFile; fileRef = 9984C71B154C887D00936090 /* Default@2x.png */; };
		9984C71E154C887D00936090 /* Capture.bundle in Resources */ = {isa = PBXBuildFile; fileRef = 9984C71D154C887D00936090 /* Capture.bundle */; };
		9984C720154C887D00936090 /* Cordova.plist in Resources */ = {isa = PBXBuildFile; fileRef = 9984C71F154C887D00936090 /* Cordova.plist */; };
		9984C724154C887D00936090 /* AppDelegate.m in Sources */ = {isa = PBXBuildFile; fileRef = 9984C723154C887D00936090 /* AppDelegate.m */; };
		9984C727154C887D00936090 /* MainViewController.m in Sources */ = {isa = PBXBuildFile; fileRef = 9984C726154C887D00936090 /* MainViewController.m */; };
		9984C729154C887D00936090 /* MainViewController.xib in Resources */ = {isa = PBXBuildFile; fileRef = 9984C728154C887D00936090 /* MainViewController.xib */; };
		9984C72D154C887D00936090 /* verify.sh in Resources */ = {isa = PBXBuildFile; fileRef = 9984C72C154C887D00936090 /* verify.sh */; };
		9984C734154C88E600936090 /* www in Resources */ = {isa = PBXBuildFile; fileRef = 9984C733154C88E600936090 /* www */; };
		9984C73C154C895D00936090 /* ChildBrowser.bundle in Resources */ = {isa = PBXBuildFile; fileRef = 9984C735154C895D00936090 /* ChildBrowser.bundle */; };
		9984C73D154C895D00936090 /* ChildBrowserCommand.m in Sources */ = {isa = PBXBuildFile; fileRef = 9984C737154C895D00936090 /* ChildBrowserCommand.m */; };
		9984C73E154C895D00936090 /* ChildBrowserViewController.m in Sources */ = {isa = PBXBuildFile; fileRef = 9984C739154C895D00936090 /* ChildBrowserViewController.m */; };
		9984C73F154C895D00936090 /* ChildBrowserViewController.xib in Resources */ = {isa = PBXBuildFile; fileRef = 9984C73A154C895D00936090 /* ChildBrowserViewController.xib */; };
		9984C740154C895D00936090 /* README.md in Resources */ = {isa = PBXBuildFile; fileRef = 9984C73B154C895D00936090 /* README.md */; };
/* End PBXBuildFile section */

/* Begin PBXFileReference section */
		9984C6D7154C887C00936090 /* SecondMarket.app */ = {isa = PBXFileReference; explicitFileType = wrapper.application; includeInIndex = 0; path = SecondMarket.app; sourceTree = BUILT_PRODUCTS_DIR; };
		9984C6DB154C887C00936090 /* Foundation.framework */ = {isa = PBXFileReference; lastKnownFileType = wrapper.framework; name = Foundation.framework; path = System/Library/Frameworks/Foundation.framework; sourceTree = SDKROOT; };
		9984C6DD154C887C00936090 /* UIKit.framework */ = {isa = PBXFileReference; lastKnownFileType = wrapper.framework; name = UIKit.framework; path = System/Library/Frameworks/UIKit.framework; sourceTree = SDKROOT; };
		9984C6DF154C887C00936090 /* CoreGraphics.framework */ = {isa = PBXFileReference; lastKnownFileType = wrapper.framework; name = CoreGraphics.framework; path = System/Library/Frameworks/CoreGraphics.framework; sourceTree = SDKROOT; };
		9984C6E1154C887C00936090 /* AddressBook.framework */ = {isa = PBXFileReference; lastKnownFileType = wrapper.framework; name = AddressBook.framework; path = System/Library/Frameworks/AddressBook.framework; sourceTree = SDKROOT; };
		9984C6E3154C887C00936090 /* AddressBookUI.framework */ = {isa = PBXFileReference; lastKnownFileType = wrapper.framework; name = AddressBookUI.framework; path = System/Library/Frameworks/AddressBookUI.framework; sourceTree = SDKROOT; };
		9984C6E5154C887C00936090 /* AudioToolbox.framework */ = {isa = PBXFileReference; lastKnownFileType = wrapper.framework; name = AudioToolbox.framework; path = System/Library/Frameworks/AudioToolbox.framework; sourceTree = SDKROOT; };
		9984C6E7154C887C00936090 /* AVFoundation.framework */ = {isa = PBXFileReference; lastKnownFileType = wrapper.framework; name = AVFoundation.framework; path = System/Library/Frameworks/AVFoundation.framework; sourceTree = SDKROOT; };
		9984C6E9154C887C00936090 /* CoreLocation.framework */ = {isa = PBXFileReference; lastKnownFileType = wrapper.framework; name = CoreLocation.framework; path = System/Library/Frameworks/CoreLocation.framework; sourceTree = SDKROOT; };
		9984C6EB154C887C00936090 /* MediaPlayer.framework */ = {isa = PBXFileReference; lastKnownFileType = wrapper.framework; name = MediaPlayer.framework; path = System/Library/Frameworks/MediaPlayer.framework; sourceTree = SDKROOT; };
		9984C6ED154C887C00936090 /* QuartzCore.framework */ = {isa = PBXFileReference; lastKnownFileType = wrapper.framework; name = QuartzCore.framework; path = System/Library/Frameworks/QuartzCore.framework; sourceTree = SDKROOT; };
		9984C6EF154C887C00936090 /* SystemConfiguration.framework */ = {isa = PBXFileReference; lastKnownFileType = wrapper.framework; name = SystemConfiguration.framework; path = System/Library/Frameworks/SystemConfiguration.framework; sourceTree = SDKROOT; };
		9984C6F1154C887C00936090 /* MobileCoreServices.framework */ = {isa = PBXFileReference; lastKnownFileType = wrapper.framework; name = MobileCoreServices.framework; path = System/Library/Frameworks/MobileCoreServices.framework; sourceTree = SDKROOT; };
		9984C6F3154C887C00936090 /* CoreMedia.framework */ = {isa = PBXFileReference; lastKnownFileType = wrapper.framework; name = CoreMedia.framework; path = System/Library/Frameworks/CoreMedia.framework; sourceTree = SDKROOT; };
		9984C6F7154C887C00936090 /* SecondMarket-Info.plist */ = {isa = PBXFileReference; lastKnownFileType = text.plist.xml; path = "SecondMarket-Info.plist"; sourceTree = "<group>"; };
		9984C6F9154C887C00936090 /* en */ = {isa = PBXFileReference; lastKnownFileType = text.plist.strings; name = en; path = en.lproj/InfoPlist.strings; sourceTree = "<group>"; };
		9984C6FB154C887D00936090 /* main.m */ = {isa = PBXFileReference; lastKnownFileType = sourcecode.c.objc; path = main.m; sourceTree = "<group>"; };
		9984C6FD154C887D00936090 /* SecondMarket-Prefix.pch */ = {isa = PBXFileReference; lastKnownFileType = sourcecode.c.h; path = "SecondMarket-Prefix.pch"; sourceTree = "<group>"; };
		9984C6FE154C887D00936090 /* Cordova.framework */ = {isa = PBXFileReference; lastKnownFileType = wrapper.framework; name = Cordova.framework; path = /Users/Shared/Cordova/Frameworks/Cordova.framework; sourceTree = "<absolute>"; };
		9984C703154C887D00936090 /* en */ = {isa = PBXFileReference; lastKnownFileType = text.plist.strings; name = en; path = Resources/en.lproj/Localizable.strings; sourceTree = "<group>"; };
		9984C707154C887D00936090 /* es */ = {isa = PBXFileReference; lastKnownFileType = text.plist.strings; name = es; path = Resources/es.lproj/Localizable.strings; sourceTree = "<group>"; };
		9984C70B154C887D00936090 /* de */ = {isa = PBXFileReference; lastKnownFileType = text.plist.strings; name = de; path = Resources/de.lproj/Localizable.strings; sourceTree = "<group>"; };
		9984C70F154C887D00936090 /* se */ = {isa = PBXFileReference; lastKnownFileType = text.plist.strings; name = se; path = Resources/se.lproj/Localizable.strings; sourceTree = "<group>"; };
		9984C712154C887D00936090 /* icon.png */ = {isa = PBXFileReference; lastKnownFileType = image.png; name = icon.png; path = Resources/icons/icon.png; sourceTree = "<group>"; };
		9984C714154C887D00936090 /* icon@2x.png */ = {isa = PBXFileReference; lastKnownFileType = image.png; name = "icon@2x.png"; path = "Resources/icons/icon@2x.png"; sourceTree = "<group>"; };
		9984C716154C887D00936090 /* icon-72.png */ = {isa = PBXFileReference; lastKnownFileType = image.png; name = "icon-72.png"; path = "Resources/icons/icon-72.png"; sourceTree = "<group>"; };
		9984C719154C887D00936090 /* Default.png */ = {isa = PBXFileReference; lastKnownFileType = image.png; name = Default.png; path = Resources/splash/Default.png; sourceTree = "<group>"; };
		9984C71B154C887D00936090 /* Default@2x.png */ = {isa = PBXFileReference; lastKnownFileType = image.png; name = "Default@2x.png"; path = "Resources/splash/Default@2x.png"; sourceTree = "<group>"; };
		9984C71D154C887D00936090 /* Capture.bundle */ = {isa = PBXFileReference; lastKnownFileType = "wrapper.plug-in"; name = Capture.bundle; path = Resources/Capture.bundle; sourceTree = "<group>"; };
		9984C71F154C887D00936090 /* Cordova.plist */ = {isa = PBXFileReference; lastKnownFileType = text.plist.xml; path = Cordova.plist; sourceTree = "<group>"; };
		9984C722154C887D00936090 /* AppDelegate.h */ = {isa = PBXFileReference; lastKnownFileType = sourcecode.c.h; name = AppDelegate.h; path = Classes/AppDelegate.h; sourceTree = "<group>"; };
		9984C723154C887D00936090 /* AppDelegate.m */ = {isa = PBXFileReference; lastKnownFileType = sourcecode.c.objc; name = AppDelegate.m; path = Classes/AppDelegate.m; sourceTree = "<group>"; };
		9984C725154C887D00936090 /* MainViewController.h */ = {isa = PBXFileReference; lastKnownFileType = sourcecode.c.h; name = MainViewController.h; path = Classes/MainViewController.h; sourceTree = "<group>"; };
		9984C726154C887D00936090 /* MainViewController.m */ = {isa = PBXFileReference; lastKnownFileType = sourcecode.c.objc; name = MainViewController.m; path = Classes/MainViewController.m; sourceTree = "<group>"; };
		9984C728154C887D00936090 /* MainViewController.xib */ = {isa = PBXFileReference; lastKnownFileType = file.xib; name = MainViewController.xib; path = Classes/MainViewController.xib; sourceTree = "<group>"; };
		9984C72B154C887D00936090 /* README */ = {isa = PBXFileReference; lastKnownFileType = text; name = README; path = Plugins/README; sourceTree = "<group>"; };
		9984C72C154C887D00936090 /* verify.sh */ = {isa = PBXFileReference; lastKnownFileType = text.script.sh; path = verify.sh; sourceTree = "<group>"; };
		9984C733154C88E600936090 /* www */ = {isa = PBXFileReference; lastKnownFileType = folder; path = www; sourceTree = "<group>"; };
		9984C735154C895D00936090 /* ChildBrowser.bundle */ = {isa = PBXFileReference; lastKnownFileType = "wrapper.plug-in"; path = ChildBrowser.bundle; sourceTree = "<group>"; };
		9984C736154C895D00936090 /* ChildBrowserCommand.h */ = {isa = PBXFileReference; fileEncoding = 4; lastKnownFileType = sourcecode.c.h; path = ChildBrowserCommand.h; sourceTree = "<group>"; };
		9984C737154C895D00936090 /* ChildBrowserCommand.m */ = {isa = PBXFileReference; fileEncoding = 4; lastKnownFileType = sourcecode.c.objc; path = ChildBrowserCommand.m; sourceTree = "<group>"; };
		9984C738154C895D00936090 /* ChildBrowserViewController.h */ = {isa = PBXFileReference; fileEncoding = 4; lastKnownFileType = sourcecode.c.h; path = ChildBrowserViewController.h; sourceTree = "<group>"; };
		9984C739154C895D00936090 /* ChildBrowserViewController.m */ = {isa = PBXFileReference; fileEncoding = 4; lastKnownFileType = sourcecode.c.objc; path = ChildBrowserViewController.m; sourceTree = "<group>"; };
		9984C73A154C895D00936090 /* ChildBrowserViewController.xib */ = {isa = PBXFileReference; fileEncoding = 4; lastKnownFileType = file.xib; path = ChildBrowserViewController.xib; sourceTree = "<group>"; };
		9984C73B154C895D00936090 /* README.md */ = {isa = PBXFileReference; fileEncoding = 4; lastKnownFileType = text; path = README.md; sourceTree = "<group>"; };
/* End PBXFileReference section */

/* Begin PBXFrameworksBuildPhase section */
		9984C6D1154C887C00936090 /* Frameworks */ = {
			isa = PBXFrameworksBuildPhase;
			buildActionMask = 2147483647;
			files = (
				9984C6DC154C887C00936090 /* Foundation.framework in Frameworks */,
				9984C6DE154C887C00936090 /* UIKit.framework in Frameworks */,
				9984C6E0154C887C00936090 /* CoreGraphics.framework in Frameworks */,
				9984C6E2154C887C00936090 /* AddressBook.framework in Frameworks */,
				9984C6E4154C887C00936090 /* AddressBookUI.framework in Frameworks */,
				9984C6E6154C887C00936090 /* AudioToolbox.framework in Frameworks */,
				9984C6E8154C887C00936090 /* AVFoundation.framework in Frameworks */,
				9984C6EA154C887C00936090 /* CoreLocation.framework in Frameworks */,
				9984C6EC154C887C00936090 /* MediaPlayer.framework in Frameworks */,
				9984C6EE154C887C00936090 /* QuartzCore.framework in Frameworks */,
				9984C6F0154C887C00936090 /* SystemConfiguration.framework in Frameworks */,
				9984C6F2154C887C00936090 /* MobileCoreServices.framework in Frameworks */,
				9984C6F4154C887C00936090 /* CoreMedia.framework in Frameworks */,
				9984C6FF154C887D00936090 /* Cordova.framework in Frameworks */,
			);
			runOnlyForDeploymentPostprocessing = 0;
		};
		9984C6D4154C887C00936090 /* Frameworks */ = {
			isa = PBXFrameworksBuildPhase;
			buildActionMask = 2147483647;
			files = (
			);
			runOnlyForDeploymentPostprocessing = 0;
		};
/* End PBXFrameworksBuildPhase section */

/* Begin PBXGroup section */
		9984C6C9154C887C00936090 = {
			isa = PBXGroup;
			children = (
				9984C733154C88E600936090 /* www */,
				9984C6F5154C887C00936090 /* SecondMarket */,
				9984C6DA154C887C00936090 /* Frameworks */,
				9984C6D8154C887C00936090 /* Products */,
			);
			sourceTree = "<group>";
		};
		9984C6D8154C887C00936090 /* Products */ = {
			isa = PBXGroup;
			children = (
				9984C6D7154C887C00936090 /* SecondMarket.app */,
			);
			name = Products;
			sourceTree = "<group>";
		};
		9984C6DA154C887C00936090 /* Frameworks */ = {
			isa = PBXGroup;
			children = (
				9984C6DB154C887C00936090 /* Foundation.framework */,
				9984C6DD154C887C00936090 /* UIKit.framework */,
				9984C6DF154C887C00936090 /* CoreGraphics.framework */,
				9984C6E1154C887C00936090 /* AddressBook.framework */,
				9984C6E3154C887C00936090 /* AddressBookUI.framework */,
				9984C6E5154C887C00936090 /* AudioToolbox.framework */,
				9984C6E7154C887C00936090 /* AVFoundation.framework */,
				9984C6E9154C887C00936090 /* CoreLocation.framework */,
				9984C6EB154C887C00936090 /* MediaPlayer.framework */,
				9984C6ED154C887C00936090 /* QuartzCore.framework */,
				9984C6EF154C887C00936090 /* SystemConfiguration.framework */,
				9984C6F1154C887C00936090 /* MobileCoreServices.framework */,
				9984C6F3154C887C00936090 /* CoreMedia.framework */,
			);
			name = Frameworks;
			sourceTree = "<group>";
		};
		9984C6F5154C887C00936090 /* SecondMarket */ = {
			isa = PBXGroup;
			children = (
				9984C6FE154C887D00936090 /* Cordova.framework */,
				9984C700154C887D00936090 /* Resources */,
				9984C721154C887D00936090 /* Classes */,
				9984C72A154C887D00936090 /* Plugins */,
				9984C6F6154C887C00936090 /* Supporting Files */,
			);
			path = SecondMarket;
			sourceTree = "<group>";
		};
		9984C6F6154C887C00936090 /* Supporting Files */ = {
			isa = PBXGroup;
			children = (
				9984C6F7154C887C00936090 /* SecondMarket-Info.plist */,
				9984C6F8154C887C00936090 /* InfoPlist.strings */,
				9984C6FB154C887D00936090 /* main.m */,
				9984C6FD154C887D00936090 /* SecondMarket-Prefix.pch */,
				9984C71F154C887D00936090 /* Cordova.plist */,
				9984C728154C887D00936090 /* MainViewController.xib */,
				9984C72C154C887D00936090 /* verify.sh */,
			);
			name = "Supporting Files";
			sourceTree = "<group>";
		};
		9984C700154C887D00936090 /* Resources */ = {
			isa = PBXGroup;
			children = (
				9984C71D154C887D00936090 /* Capture.bundle */,
				9984C701154C887D00936090 /* en.lproj */,
				9984C705154C887D00936090 /* es.lproj */,
				9984C709154C887D00936090 /* de.lproj */,
				9984C70D154C887D00936090 /* se.lproj */,
				9984C711154C887D00936090 /* icons */,
				9984C718154C887D00936090 /* splash */,
			);
			name = Resources;
			sourceTree = "<group>";
		};
		9984C701154C887D00936090 /* en.lproj */ = {
			isa = PBXGroup;
			children = (
				9984C702154C887D00936090 /* Localizable.strings */,
			);
			name = en.lproj;
			sourceTree = "<group>";
		};
		9984C705154C887D00936090 /* es.lproj */ = {
			isa = PBXGroup;
			children = (
				9984C706154C887D00936090 /* Localizable.strings */,
			);
			name = es.lproj;
			sourceTree = "<group>";
		};
		9984C709154C887D00936090 /* de.lproj */ = {
			isa = PBXGroup;
			children = (
				9984C70A154C887D00936090 /* Localizable.strings */,
			);
			name = de.lproj;
			sourceTree = "<group>";
		};
		9984C70D154C887D00936090 /* se.lproj */ = {
			isa = PBXGroup;
			children = (
				9984C70E154C887D00936090 /* Localizable.strings */,
			);
			name = se.lproj;
			sourceTree = "<group>";
		};
		9984C711154C887D00936090 /* icons */ = {
			isa = PBXGroup;
			children = (
				9984C712154C887D00936090 /* icon.png */,
				9984C714154C887D00936090 /* icon@2x.png */,
				9984C716154C887D00936090 /* icon-72.png */,
			);
			name = icons;
			sourceTree = "<group>";
		};
		9984C718154C887D00936090 /* splash */ = {
			isa = PBXGroup;
			children = (
				9984C719154C887D00936090 /* Default.png */,
				9984C71B154C887D00936090 /* Default@2x.png */,
			);
			name = splash;
			sourceTree = "<group>";
		};
		9984C721154C887D00936090 /* Classes */ = {
			isa = PBXGroup;
			children = (
				9984C722154C887D00936090 /* AppDelegate.h */,
				9984C723154C887D00936090 /* AppDelegate.m */,
				9984C725154C887D00936090 /* MainViewController.h */,
				9984C726154C887D00936090 /* MainViewController.m */,
			);
			name = Classes;
			sourceTree = "<group>";
		};
		9984C72A154C887D00936090 /* Plugins */ = {
			isa = PBXGroup;
			children = (
				9984C735154C895D00936090 /* ChildBrowser.bundle */,
				9984C736154C895D00936090 /* ChildBrowserCommand.h */,
				9984C737154C895D00936090 /* ChildBrowserCommand.m */,
				9984C738154C895D00936090 /* ChildBrowserViewController.h */,
				9984C739154C895D00936090 /* ChildBrowserViewController.m */,
				9984C73A154C895D00936090 /* ChildBrowserViewController.xib */,
				9984C73B154C895D00936090 /* README.md */,
				9984C72B154C887D00936090 /* README */,
			);
			name = Plugins;
			sourceTree = "<group>";
		};
/* End PBXGroup section */

/* Begin PBXNativeTarget section */
		9984C6D6154C887C00936090 /* SecondMarket */ = {
			isa = PBXNativeTarget;
			buildConfigurationList = 9984C730154C887D00936090 /* Build configuration list for PBXNativeTarget "SecondMarket" */;
			buildPhases = (
				9984C6D0154C887C00936090 /* Sources */,
				9984C6D1154C887C00936090 /* Frameworks */,
				9984C6D2154C887C00936090 /* Resources */,
				9984C6D3154C887C00936090 /* Sources */,
				9984C6D4154C887C00936090 /* Frameworks */,
				9984C6D5154C887C00936090 /* ShellScript */,
			);
			buildRules = (
			);
			dependencies = (
			);
			name = SecondMarket;
			productName = SecondMarket;
			productReference = 9984C6D7154C887C00936090 /* SecondMarket.app */;
			productType = "com.apple.product-type.application";
		};
/* End PBXNativeTarget section */

/* Begin PBXProject section */
		9984C6CB154C887C00936090 /* Project object */ = {
			isa = PBXProject;
			attributes = {
				LastUpgradeCheck = 0430;
				ORGANIZATIONNAME = "Bank of America";
			};
			buildConfigurationList = 9984C6CE154C887C00936090 /* Build configuration list for PBXProject "SecondMarket" */;
			compatibilityVersion = "Xcode 3.2";
			developmentRegion = English;
			hasScannedForEncodings = 0;
			knownRegions = (
				en,
				es,
				de,
				se,
			);
			mainGroup = 9984C6C9154C887C00936090;
			productRefGroup = 9984C6D8154C887C00936090 /* Products */;
			projectDirPath = "";
			projectRoot = "";
			targets = (
				9984C6D6154C887C00936090 /* SecondMarket */,
			);
		};
/* End PBXProject section */

/* Begin PBXResourcesBuildPhase section */
		9984C6D2154C887C00936090 /* Resources */ = {
			isa = PBXResourcesBuildPhase;
			buildActionMask = 2147483647;
			files = (
				9984C6FA154C887C00936090 /* InfoPlist.strings in Resources */,
				9984C704154C887D00936090 /* Localizable.strings in Resources */,
				9984C708154C887D00936090 /* Localizable.strings in Resources */,
				9984C70C154C887D00936090 /* Localizable.strings in Resources */,
				9984C710154C887D00936090 /* Localizable.strings in Resources */,
				9984C713154C887D00936090 /* icon.png in Resources */,
				9984C715154C887D00936090 /* icon@2x.png in Resources */,
				9984C717154C887D00936090 /* icon-72.png in Resources */,
				9984C71A154C887D00936090 /* Default.png in Resources */,
				9984C71C154C887D00936090 /* Default@2x.png in Resources */,
				9984C71E154C887D00936090 /* Capture.bundle in Resources */,
				9984C720154C887D00936090 /* Cordova.plist in Resources */,
				9984C729154C887D00936090 /* MainViewController.xib in Resources */,
				9984C72D154C887D00936090 /* verify.sh in Resources */,
				9984C734154C88E600936090 /* www in Resources */,
				9984C73C154C895D00936090 /* ChildBrowser.bundle in Resources */,
				9984C73F154C895D00936090 /* ChildBrowserViewController.xib in Resources */,
				9984C740154C895D00936090 /* README.md in Resources */,
			);
			runOnlyForDeploymentPostprocessing = 0;
		};
/* End PBXResourcesBuildPhase section */

/* Begin PBXShellScriptBuildPhase section */
		9984C6D5154C887C00936090 /* ShellScript */ = {
			isa = PBXShellScriptBuildPhase;
			buildActionMask = 2147483647;
			files = (
			);
			inputPaths = (
			);
			outputPaths = (
			);
			runOnlyForDeploymentPostprocessing = 0;
			shellPath = /bin/bash;
			shellScript = "\n\t\t\t\t\t\t\t\tchmod 755 \"$PROJECT_DIR/$PROJECT_NAME/verify.sh\"\n\t\t\t\t\t\t\t\t\"$PROJECT_DIR/$PROJECT_NAME/verify.sh\"\n\t\t\t\t\t";
		};
/* End PBXShellScriptBuildPhase section */

/* Begin PBXSourcesBuildPhase section */
		9984C6D0154C887C00936090 /* Sources */ = {
			isa = PBXSourcesBuildPhase;
			buildActionMask = 2147483647;
			files = (
				9984C6FC154C887D00936090 /* main.m in Sources */,
				9984C724154C887D00936090 /* AppDelegate.m in Sources */,
				9984C727154C887D00936090 /* MainViewController.m in Sources */,
				9984C73D154C895D00936090 /* ChildBrowserCommand.m in Sources */,
				9984C73E154C895D00936090 /* ChildBrowserViewController.m in Sources */,
			);
			runOnlyForDeploymentPostprocessing = 0;
		};
		9984C6D3154C887C00936090 /* Sources */ = {
			isa = PBXSourcesBuildPhase;
			buildActionMask = 2147483647;
			files = (
			);
			runOnlyForDeploymentPostprocessing = 0;
		};
/* End PBXSourcesBuildPhase section */

/* Begin PBXVariantGroup section */
		9984C6F8154C887C00936090 /* InfoPlist.strings */ = {
			isa = PBXVariantGroup;
			children = (
				9984C6F9154C887C00936090 /* en */,
			);
			name = InfoPlist.strings;
			sourceTree = "<group>";
		};
		9984C702154C887D00936090 /* Localizable.strings */ = {
			isa = PBXVariantGroup;
			children = (
				9984C703154C887D00936090 /* en */,
			);
			name = Localizable.strings;
			sourceTree = "<group>";
		};
		9984C706154C887D00936090 /* Localizable.strings */ = {
			isa = PBXVariantGroup;
			children = (
				9984C707154C887D00936090 /* es */,
			);
			name = Localizable.strings;
			sourceTree = "<group>";
		};
		9984C70A154C887D00936090 /* Localizable.strings */ = {
			isa = PBXVariantGroup;
			children = (
				9984C70B154C887D00936090 /* de */,
			);
			name = Localizable.strings;
			sourceTree = "<group>";
		};
		9984C70E154C887D00936090 /* Localizable.strings */ = {
			isa = PBXVariantGroup;
			children = (
				9984C70F154C887D00936090 /* se */,
			);
			name = Localizable.strings;
			sourceTree = "<group>";
		};
/* End PBXVariantGroup section */

/* Begin XCBuildConfiguration section */
		9984C72E154C887D00936090 /* Debug */ = {
			isa = XCBuildConfiguration;
			buildSettings = {
				ALWAYS_SEARCH_USER_PATHS = NO;
				ARCHS = (
					armv6,
					"$(ARCHS_STANDARD_32_BIT)",
				);
				"CODE_SIGN_IDENTITY[sdk=iphoneos*]" = "iPhone Developer";
				COPY_PHASE_STRIP = NO;
				GCC_C_LANGUAGE_STANDARD = gnu99;
				GCC_DYNAMIC_NO_PIC = NO;
				GCC_OPTIMIZATION_LEVEL = 0;
				GCC_PREPROCESSOR_DEFINITIONS = (
					"DEBUG=1",
					"$(inherited)",
				);
				GCC_SYMBOLS_PRIVATE_EXTERN = NO;
				GCC_VERSION = com.apple.compilers.llvm.clang.1_0;
				GCC_WARN_ABOUT_RETURN_TYPE = YES;
				GCC_WARN_UNINITIALIZED_AUTOS = YES;
				GCC_WARN_UNUSED_VARIABLE = YES;
				IPHONEOS_DEPLOYMENT_TARGET = 3.0;
				SDKROOT = iphoneos;
			};
			name = Debug;
		};
		9984C72F154C887D00936090 /* Release */ = {
			isa = XCBuildConfiguration;
			buildSettings = {
				ALWAYS_SEARCH_USER_PATHS = NO;
				ARCHS = (
					armv6,
					"$(ARCHS_STANDARD_32_BIT)",
				);
				"CODE_SIGN_IDENTITY[sdk=iphoneos*]" = "iPhone Developer";
				COPY_PHASE_STRIP = YES;
				GCC_C_LANGUAGE_STANDARD = gnu99;
				GCC_VERSION = com.apple.compilers.llvm.clang.1_0;
				GCC_WARN_ABOUT_RETURN_TYPE = YES;
				GCC_WARN_UNINITIALIZED_AUTOS = YES;
				GCC_WARN_UNUSED_VARIABLE = YES;
				IPHONEOS_DEPLOYMENT_TARGET = 3.0;
				SDKROOT = iphoneos;
				VALIDATE_PRODUCT = YES;
			};
			name = Release;
		};
		9984C731154C887D00936090 /* Debug */ = {
			isa = XCBuildConfiguration;
			buildSettings = {
				ALWAYS_SEARCH_USER_PATHS = YES;
				COPY_PHASE_STRIP = NO;
				FRAMEWORK_SEARCH_PATHS = /Users/Shared/Cordova/Frameworks;
				GCC_DYNAMIC_NO_PIC = NO;
				GCC_PRECOMPILE_PREFIX_HEADER = YES;
				GCC_PREFIX_HEADER = "SecondMarket/SecondMarket-Prefix.pch";
				GCC_PREPROCESSOR_DEFINITIONS = (
					"DEBUG=1,",
					"CORDOVA_FRAMEWORK=1",
				);
				INFOPLIST_FILE = "SecondMarket/SecondMarket-Info.plist";
				IPHONEOS_DEPLOYMENT_TARGET = 5.1;
				OTHER_LDFLAGS = (
					"-weak_framework",
					UIKit,
					"-weak_framework",
					AVFoundation,
					"-weak_framework",
					CoreMedia,
					"-weak_library",
					/usr/lib/libSystem.B.dylib,
				);
				PRODUCT_NAME = "$(TARGET_NAME)";
				TARGETED_DEVICE_FAMILY = 1;
				WRAPPER_EXTENSION = app;
			};
			name = Debug;
		};
		9984C732154C887D00936090 /* Release */ = {
			isa = XCBuildConfiguration;
			buildSettings = {
				ALWAYS_SEARCH_USER_PATHS = YES;
				COPY_PHASE_STRIP = YES;
				DEBUG_INFORMATION_FORMAT = "dwarf-with-dsym";
				FRAMEWORK_SEARCH_PATHS = /Users/Shared/Cordova/Frameworks;
				GCC_PRECOMPILE_PREFIX_HEADER = YES;
				GCC_PREFIX_HEADER = "SecondMarket/SecondMarket-Prefix.pch";
				GCC_PREPROCESSOR_DEFINITIONS = (
					"NDEBUG=1,",
					"CORDOVA_FRAMEWORK=1",
				);
				INFOPLIST_FILE = "SecondMarket/SecondMarket-Info.plist";
				IPHONEOS_DEPLOYMENT_TARGET = 5.1;
				OTHER_LDFLAGS = (
					"-weak_framework",
					UIKit,
					"-weak_framework",
					AVFoundation,
					"-weak_framework",
					CoreMedia,
					"-weak_library",
					/usr/lib/libSystem.B.dylib,
				);
				PRODUCT_NAME = "$(TARGET_NAME)";
				TARGETED_DEVICE_FAMILY = 1;
				VALIDATE_PRODUCT = YES;
				WRAPPER_EXTENSION = app;
			};
			name = Release;
		};
/* End XCBuildConfiguration section */

/* Begin XCConfigurationList section */
		9984C6CE154C887C00936090 /* Build configuration list for PBXProject "SecondMarket" */ = {
			isa = XCConfigurationList;
			buildConfigurations = (
				9984C72E154C887D00936090 /* Debug */,
				9984C72F154C887D00936090 /* Release */,
			);
			defaultConfigurationIsVisible = 0;
			defaultConfigurationName = Release;
		};
		9984C730154C887D00936090 /* Build configuration list for PBXNativeTarget "SecondMarket" */ = {
			isa = XCConfigurationList;
			buildConfigurations = (
				9984C731154C887D00936090 /* Debug */,
				9984C732154C887D00936090 /* Release */,
			);
			defaultConfigurationIsVisible = 0;
			defaultConfigurationName = Release;
		};
/* End XCConfigurationList section */
	};
	rootObject = 9984C6CB154C887C00936090 /* Project object */;
}
